
Microsoft Visual Studio Solution File, Format Version 12.00
# Visual Studio Version 16
VisualStudioVersion = 16.0.31321.278
MinimumVisualStudioVersion = 10.0.40219.1
Project("{FAE04EC0-301F-11D3-BF4B-00C04F79EFBC}") = "WebAlimento", "WebAlimento\WebAlimento.csproj", "{27A421FC-2211-4C0C-B73A-117FD2D52407}"
EndProject
Global
	GlobalSection(SolutionConfigurationPlatforms) = preSolution
		Debug|Any CPU = Debug|Any CPU
		Release|Any CPU = Release|Any CPU
	EndGlobalSection
	GlobalSection(ProjectConfigurationPlatforms) = postSolution
		{27A421FC-2211-4C0C-B73A-117FD2D52407}.Debug|Any CPU.ActiveCfg = Debug|Any CPU
		{27A421FC-2211-4C0C-B73A-117FD2D52407}.Debug|Any CPU.Build.0 = Debug|Any CPU
		{27A421FC-2211-4C0C-B73A-117FD2D52407}.Release|Any CPU.ActiveCfg = Release|Any CPU
		{27A421FC-2211-4C0C-B73A-117FD2D52407}.Release|Any CPU.Build.0 = Release|Any CPU
	EndGlobalSection
	GlobalSection(SolutionProperties) = preSolution
		HideSolutionNode = FALSE
	EndGlobalSection
	GlobalSection(ExtensibilityGlobals) = postSolution
		SolutionGuid = {9B02D2B0-8CB6-4B91-8888-4C0CC0D4A8E0}
	EndGlobalSection
EndGlobal
